{
  "lockfileVersion": 1,
  "configVersion": 0,
  "workspaces": {
    "": {
      "name": "meta",
      "dependencies": {
        "yaml": "^2.8.1",
      },
    },
  },
  "packages": {
    "yaml": ["yaml@2.8.3", "", { "bin": "bin.mjs" }, "sha512-AvbaCLOO2Otw/lW5bmh9d/WEdcDFdQp2Z2ZUH3pX9U2ihyUY0nvLv7J6TrWowklRGPYbB/IuIMfYgxaCPg5Bpg=="],
  }
}
